
Microsoft Visual Studio Solution File, Format Version 12.00
# Visual Studio Version 17
VisualStudioVersion = 17.8.34330.188
MinimumVisualStudioVersion = 10.0.40219.1
Project("{FAE04EC0-301F-11D3-BF4B-00C04F79EFBC}") = "CALINQ24091601", "CALINQ24091601.csproj", "{BCB2D602-34DF-403D-95CD-FD5304F04576}"
EndProject
Global
	GlobalSection(SolutionConfigurationPlatforms) = preSolution
		Debug|Any CPU = Debug|Any CPU
		Release|Any CPU = Release|Any CPU
	EndGlobalSection
	GlobalSection(ProjectConfigurationPlatforms) = postSolution
		{BCB2D602-34DF-403D-95CD-FD5304F04576}.Debug|Any CPU.ActiveCfg = Debug|Any CPU
		{BCB2D602-34DF-403D-95CD-FD5304F04576}.Debug|Any CPU.Build.0 = Debug|Any CPU
		{BCB2D602-34DF-403D-95CD-FD5304F04576}.Release|Any CPU.ActiveCfg = Release|Any CPU
		{BCB2D602-34DF-403D-95CD-FD5304F04576}.Release|Any CPU.Build.0 = Release|Any CPU
	EndGlobalSection
	GlobalSection(SolutionProperties) = preSolution
		HideSolutionNode = FALSE
	EndGlobalSection
	GlobalSection(ExtensibilityGlobals) = postSolution
		SolutionGuid = {870E6121-99E7-415B-A151-2F968A0DBA71}
	EndGlobalSection
EndGlobal
